
Microsoft Visual Studio Solution File, Format Version 12.00
# Visual Studio Version 17
VisualStudioVersion = 17.7.34031.279
MinimumVisualStudioVersion = 10.0.40219.1
Project("{9A19103F-16F7-4668-BE54-9A1E7A4F7556}") = "FormQLKH", "WinForms_QLKH_Thuoc\FormQLKH.csproj", "{7395C281-3ADC-4F0D-BADD-037C887922F3}"
EndProject
Project("{9A19103F-16F7-4668-BE54-9A1E7A4F7556}") = "WebAPI_QLKH", "WebAPI_QLKH\WebAPI_QLKH.csproj", "{5947C0AF-8C11-4CDD-A61E-7AE296C05934}"
EndProject
Global
	GlobalSection(SolutionConfigurationPlatforms) = preSolution
		Debug|Any CPU = Debug|Any CPU
		Release|Any CPU = Release|Any CPU
	EndGlobalSection
	GlobalSection(ProjectConfigurationPlatforms) = postSolution
		{7395C281-3ADC-4F0D-BADD-037C887922F3}.Debug|Any CPU.ActiveCfg = Debug|Any CPU
		{7395C281-3ADC-4F0D-BADD-037C887922F3}.Debug|Any CPU.Build.0 = Debug|Any CPU
		{7395C281-3ADC-4F0D-BADD-037C887922F3}.Release|Any CPU.ActiveCfg = Release|Any CPU
		{7395C281-3ADC-4F0D-BADD-037C887922F3}.Release|Any CPU.Build.0 = Release|Any CPU
		{5947C0AF-8C11-4CDD-A61E-7AE296C05934}.Debug|Any CPU.ActiveCfg = Debug|Any CPU
		{5947C0AF-8C11-4CDD-A61E-7AE296C05934}.Debug|Any CPU.Build.0 = Debug|Any CPU
		{5947C0AF-8C11-4CDD-A61E-7AE296C05934}.Release|Any CPU.ActiveCfg = Release|Any CPU
		{5947C0AF-8C11-4CDD-A61E-7AE296C05934}.Release|Any CPU.Build.0 = Release|Any CPU
	EndGlobalSection
	GlobalSection(SolutionProperties) = preSolution
		HideSolutionNode = FALSE
	EndGlobalSection
	GlobalSection(ExtensibilityGlobals) = postSolution
		SolutionGuid = {FB290457-FB84-4E98-8633-322BD50CC162}
	EndGlobalSection
EndGlobal
